
Microsoft Visual Studio Solution File, Format Version 12.00
# Visual Studio Version 16
VisualStudioVersion = 16.0.31424.327
MinimumVisualStudioVersion = 10.0.40219.1
Project("{FAE04EC0-301F-11D3-BF4B-00C04F79EFBC}") = "Vehicles09.Common", "Vehicles09.Common\Vehicles09.Common.csproj", "{B3DC14F3-A029-4B5E-AE2A-F228623C3F65}"
EndProject
Project("{FAE04EC0-301F-11D3-BF4B-00C04F79EFBC}") = "Vehicles09.API", "Vehicles09.API\Vehicles09.API.csproj", "{6F48A9B8-4D01-4C18-9E6A-E42608E07CB0}"
EndProject
Global
	GlobalSection(SolutionConfigurationPlatforms) = preSolution
		Debug|Any CPU = Debug|Any CPU
		Release|Any CPU = Release|Any CPU
	EndGlobalSection
	GlobalSection(ProjectConfigurationPlatforms) = postSolution
		{B3DC14F3-A029-4B5E-AE2A-F228623C3F65}.Debug|Any CPU.ActiveCfg = Debug|Any CPU
		{B3DC14F3-A029-4B5E-AE2A-F228623C3F65}.Debug|Any CPU.Build.0 = Debug|Any CPU
		{B3DC14F3-A029-4B5E-AE2A-F228623C3F65}.Release|Any CPU.ActiveCfg = Release|Any CPU
		{B3DC14F3-A029-4B5E-AE2A-F228623C3F65}.Release|Any CPU.Build.0 = Release|Any CPU
		{6F48A9B8-4D01-4C18-9E6A-E42608E07CB0}.Debug|Any CPU.ActiveCfg = Debug|Any CPU
		{6F48A9B8-4D01-4C18-9E6A-E42608E07CB0}.Debug|Any CPU.Build.0 = Debug|Any CPU
		{6F48A9B8-4D01-4C18-9E6A-E42608E07CB0}.Release|Any CPU.ActiveCfg = Release|Any CPU
		{6F48A9B8-4D01-4C18-9E6A-E42608E07CB0}.Release|Any CPU.Build.0 = Release|Any CPU
	EndGlobalSection
	GlobalSection(SolutionProperties) = preSolution
		HideSolutionNode = FALSE
	EndGlobalSection
	GlobalSection(ExtensibilityGlobals) = postSolution
		SolutionGuid = {8DED20E8-22DC-4F1B-B02F-66ECA315E3E9}
	EndGlobalSection
EndGlobal
